
Microsoft Visual Studio Solution File, Format Version 12.00
# Visual Studio Version 17
VisualStudioVersion = 17.14.36518.9 d17.14
MinimumVisualStudioVersion = 10.0.40219.1
Project("{FAE04EC0-301F-11D3-BF4B-00C04F79EFBC}") = "QuziLab", "QuziLab.csproj", "{FB666740-876D-4A99-88B1-2E0B1417D43B}"
EndProject
Global
	GlobalSection(SolutionConfigurationPlatforms) = preSolution
		Debug|Any CPU = Debug|Any CPU
		Release|Any CPU = Release|Any CPU
	EndGlobalSection
	GlobalSection(ProjectConfigurationPlatforms) = postSolution
		{FB666740-876D-4A99-88B1-2E0B1417D43B}.Debug|Any CPU.ActiveCfg = Debug|Any CPU
		{FB666740-876D-4A99-88B1-2E0B1417D43B}.Debug|Any CPU.Build.0 = Debug|Any CPU
		{FB666740-876D-4A99-88B1-2E0B1417D43B}.Release|Any CPU.ActiveCfg = Release|Any CPU
		{FB666740-876D-4A99-88B1-2E0B1417D43B}.Release|Any CPU.Build.0 = Release|Any CPU
	EndGlobalSection
	GlobalSection(SolutionProperties) = preSolution
		HideSolutionNode = FALSE
	EndGlobalSection
	GlobalSection(ExtensibilityGlobals) = postSolution
		SolutionGuid = {BDE1D50D-F300-42D1-9C41-136102402E34}
	EndGlobalSection
EndGlobal
